
Microsoft Visual Studio Solution File, Format Version 12.00
# Visual Studio Version 17
VisualStudioVersion = 17.2.32422.2
MinimumVisualStudioVersion = 10.0.40219.1
Project("{888888A0-9F3D-457C-B088-3A5042F75D52}") = "NewRepo", "NewRepo.pyproj", "{257B2006-A6C7-4774-87D1-67F570F71ECB}"
EndProject
Global
	GlobalSection(SolutionConfigurationPlatforms) = preSolution
		Debug|Any CPU = Debug|Any CPU
		Release|Any CPU = Release|Any CPU
	EndGlobalSection
	GlobalSection(ProjectConfigurationPlatforms) = postSolution
		{257B2006-A6C7-4774-87D1-67F570F71ECB}.Debug|Any CPU.ActiveCfg = Debug|Any CPU
		{257B2006-A6C7-4774-87D1-67F570F71ECB}.Release|Any CPU.ActiveCfg = Release|Any CPU
	EndGlobalSection
	GlobalSection(SolutionProperties) = preSolution
		HideSolutionNode = FALSE
	EndGlobalSection
	GlobalSection(ExtensibilityGlobals) = postSolution
		SolutionGuid = {87239652-B1F8-4B4E-9378-C9237CE87D42}
	EndGlobalSection
EndGlobal
